
Microsoft Visual Studio Solution File, Format Version 12.00
# Visual Studio Version 17
VisualStudioVersion = 17.10.35013.160
MinimumVisualStudioVersion = 10.0.40219.1
Project("{FAE04EC0-301F-11D3-BF4B-00C04F79EFBC}") = "OnionArchitecture", "OnionArchitecture\OnionArchitecture.csproj", "{FC38663D-7E7E-46B6-B1DB-083332AD8E3C}"
EndProject
Project("{2150E333-8FDC-42A3-9474-1A3956D46DE8}") = "Core", "Core", "{FEBC687D-08F4-4844-8B5D-9EBAC31C14E5}"
EndProject
Project("{2150E333-8FDC-42A3-9474-1A3956D46DE8}") = "Infrastructure", "Infrastructure", "{0243E6E2-E95E-47FF-85DA-E751AD9B6129}"
EndProject
Project("{FAE04EC0-301F-11D3-BF4B-00C04F79EFBC}") = "OnionArchitecture.Domain", "Core\OnionArchitecture.Domain\OnionArchitecture.Domain.csproj", "{ACD5E5A7-FF40-4CBA-8965-FC644E4FF9C7}"
EndProject
Project("{FAE04EC0-301F-11D3-BF4B-00C04F79EFBC}") = "OnionArchitecture.Application", "Core\OnionArchitecture.Application\OnionArchitecture.Application.csproj", "{F555AED4-033A-47FB-BCC8-A39BCC915045}"
EndProject
Project("{FAE04EC0-301F-11D3-BF4B-00C04F79EFBC}") = "OnionArchitecture.Infrastructure", "Infrastructure\OnionArchitecture.Infrastructure\OnionArchitecture.Infrastructure.csproj", "{D8320B50-2760-44D8-9F58-D9DE813272CE}"
EndProject
Project("{FAE04EC0-301F-11D3-BF4B-00C04F79EFBC}") = "OnionArchitecture.Persistence", "Infrastructure\OnionArchitecture.Persistence\OnionArchitecture.Persistence.csproj", "{4F184382-0B2E-4056-AAB5-B784DD961BCE}"
EndProject
Global
	GlobalSection(SolutionConfigurationPlatforms) = preSolution
		Debug|Any CPU = Debug|Any CPU
		Release|Any CPU = Release|Any CPU
	EndGlobalSection
	GlobalSection(ProjectConfigurationPlatforms) = postSolution
		{FC38663D-7E7E-46B6-B1DB-083332AD8E3C}.Debug|Any CPU.ActiveCfg = Debug|Any CPU
		{FC38663D-7E7E-46B6-B1DB-083332AD8E3C}.Debug|Any CPU.Build.0 = Debug|Any CPU
		{FC38663D-7E7E-46B6-B1DB-083332AD8E3C}.Release|Any CPU.ActiveCfg = Release|Any CPU
		{FC38663D-7E7E-46B6-B1DB-083332AD8E3C}.Release|Any CPU.Build.0 = Release|Any CPU
		{ACD5E5A7-FF40-4CBA-8965-FC644E4FF9C7}.Debug|Any CPU.ActiveCfg = Debug|Any CPU
		{ACD5E5A7-FF40-4CBA-8965-FC644E4FF9C7}.Debug|Any CPU.Build.0 = Debug|Any CPU
		{ACD5E5A7-FF40-4CBA-8965-FC644E4FF9C7}.Release|Any CPU.ActiveCfg = Release|Any CPU
		{ACD5E5A7-FF40-4CBA-8965-FC644E4FF9C7}.Release|Any CPU.Build.0 = Release|Any CPU
		{F555AED4-033A-47FB-BCC8-A39BCC915045}.Debug|Any CPU.ActiveCfg = Debug|Any CPU
		{F555AED4-033A-47FB-BCC8-A39BCC915045}.Debug|Any CPU.Build.0 = Debug|Any CPU
		{F555AED4-033A-47FB-BCC8-A39BCC915045}.Release|Any CPU.ActiveCfg = Release|Any CPU
		{F555AED4-033A-47FB-BCC8-A39BCC915045}.Release|Any CPU.Build.0 = Release|Any CPU
		{D8320B50-2760-44D8-9F58-D9DE813272CE}.Debug|Any CPU.ActiveCfg = Debug|Any CPU
		{D8320B50-2760-44D8-9F58-D9DE813272CE}.Debug|Any CPU.Build.0 = Debug|Any CPU
		{D8320B50-2760-44D8-9F58-D9DE813272CE}.Release|Any CPU.ActiveCfg = Release|Any CPU
		{D8320B50-2760-44D8-9F58-D9DE813272CE}.Release|Any CPU.Build.0 = Release|Any CPU
		{4F184382-0B2E-4056-AAB5-B784DD961BCE}.Debug|Any CPU.ActiveCfg = Debug|Any CPU
		{4F184382-0B2E-4056-AAB5-B784DD961BCE}.Debug|Any CPU.Build.0 = Debug|Any CPU
		{4F184382-0B2E-4056-AAB5-B784DD961BCE}.Release|Any CPU.ActiveCfg = Release|Any CPU
		{4F184382-0B2E-4056-AAB5-B784DD961BCE}.Release|Any CPU.Build.0 = Release|Any CPU
	EndGlobalSection
	GlobalSection(SolutionProperties) = preSolution
		HideSolutionNode = FALSE
	EndGlobalSection
	GlobalSection(NestedProjects) = preSolution
		{ACD5E5A7-FF40-4CBA-8965-FC644E4FF9C7} = {FEBC687D-08F4-4844-8B5D-9EBAC31C14E5}
		{F555AED4-033A-47FB-BCC8-A39BCC915045} = {FEBC687D-08F4-4844-8B5D-9EBAC31C14E5}
		{D8320B50-2760-44D8-9F58-D9DE813272CE} = {0243E6E2-E95E-47FF-85DA-E751AD9B6129}
		{4F184382-0B2E-4056-AAB5-B784DD961BCE} = {0243E6E2-E95E-47FF-85DA-E751AD9B6129}
	EndGlobalSection
	GlobalSection(ExtensibilityGlobals) = postSolution
		SolutionGuid = {26D93F38-ADD9-4DEB-A2C1-41FC2F5EDA7D}
	EndGlobalSection
EndGlobal
